// !$*UTF8*$!
{
	archiveVersion = 1;
	classes = {
	};
	objectVersion = 50;
	objects = {

/* Begin PBXBuildFile section */
		5FAE418A23200D5300C03BDC /* AppDelegate.swift in Sources */ = {isa = PBXBuildFile; fileRef = 5FAE418923200D5300C03BDC /* AppDelegate.swift */; };
		5FAE418C23200D5300C03BDC /* ViewController.swift in Sources */ = {isa = PBXBuildFile; fileRef = 5FAE418B23200D5300C03BDC /* ViewController.swift */; };
		5FAE418F23200D5300C03BDC /* Main.storyboard in Resources */ = {isa = PBXBuildFile; fileRef = 5FAE418D23200D5300C03BDC /* Main.storyboard */; };
		5FAE419223200D5300C03BDC /* DeezerSearcher.xcdatamodeld in Sources */ = {isa = PBXBuildFile; fileRef = 5FAE419023200D5300C03BDC /* DeezerSearcher.xcdatamodeld */; };
		5FAE419423200D5600C03BDC /* Assets.xcassets in Resources */ = {isa = PBXBuildFile; fileRef = 5FAE419323200D5600C03BDC /* Assets.xcassets */; };
		5FAE419723200D5600C03BDC /* LaunchScreen.storyboard in Resources */ = {isa = PBXBuildFile; fileRef = 5FAE419523200D5600C03BDC /* LaunchScreen.storyboard */; };
		5FAE419F23200E1A00C03BDC /* Album.swift in Sources */ = {isa = PBXBuildFile; fileRef = 5FAE419E23200E1A00C03BDC /* Album.swift */; };
		5FAE41A52320CE0800C03BDC /* DeezerAPI.swift in Sources */ = {isa = PBXBuildFile; fileRef = 5FAE41A42320CE0800C03BDC /* DeezerAPI.swift */; };
		5FAE41A82320FBDD00C03BDC /* Extensions.swift in Sources */ = {isa = PBXBuildFile; fileRef = 5FAE41A72320FBDD00C03BDC /* Extensions.swift */; };
/* End PBXBuildFile section */

/* Begin PBXFileReference section */
		5FAE418623200D5300C03BDC /* DeezerSearcher.app */ = {isa = PBXFileReference; explicitFileType = wrapper.application; includeInIndex = 0; path = DeezerSearcher.app; sourceTree = BUILT_PRODUCTS_DIR; };
		5FAE418923200D5300C03BDC /* AppDelegate.swift */ = {isa = PBXFileReference; lastKnownFileType = sourcecode.swift; path = AppDelegate.swift; sourceTree = "<group>"; };
		5FAE418B23200D5300C03BDC /* ViewController.swift */ = {isa = PBXFileReference; lastKnownFileType = sourcecode.swift; path = ViewController.swift; sourceTree = "<group>"; };
		5FAE418E23200D5300C03BDC /* Base */ = {isa = PBXFileReference; lastKnownFileType = file.storyboard; name = Base; path = Base.lproj/Main.storyboard; sourceTree = "<group>"; };
		5FAE419123200D5300C03BDC /* DeezerSearcher.xcdatamodel */ = {isa = PBXFileReference; lastKnownFileType = wrapper.xcdatamodel; path = DeezerSearcher.xcdatamodel; sourceTree = "<group>"; };
		5FAE419323200D5600C03BDC /* Assets.xcassets */ = {isa = PBXFileReference; lastKnownFileType = folder.assetcatalog; path = Assets.xcassets; sourceTree = "<group>"; };
		5FAE419623200D5600C03BDC /* Base */ = {isa = PBXFileReference; lastKnownFileType = file.storyboard; name = Base; path = Base.lproj/LaunchScreen.storyboard; sourceTree = "<group>"; };
		5FAE419823200D5600C03BDC /* Info.plist */ = {isa = PBXFileReference; lastKnownFileType = text.plist.xml; path = Info.plist; sourceTree = "<group>"; };
		5FAE419E23200E1A00C03BDC /* Album.swift */ = {isa = PBXFileReference; lastKnownFileType = sourcecode.swift; path = Album.swift; sourceTree = "<group>"; };
		5FAE41A42320CE0800C03BDC /* DeezerAPI.swift */ = {isa = PBXFileReference; lastKnownFileType = sourcecode.swift; path = DeezerAPI.swift; sourceTree = "<group>"; };
		5FAE41A72320FBDD00C03BDC /* Extensions.swift */ = {isa = PBXFileReference; lastKnownFileType = sourcecode.swift; path = Extensions.swift; sourceTree = "<group>"; };
/* End PBXFileReference section */

/* Begin PBXFrameworksBuildPhase section */
		5FAE418323200D5300C03BDC /* Frameworks */ = {
			isa = PBXFrameworksBuildPhase;
			buildActionMask = 2147483647;
			files = (
			);
			runOnlyForDeploymentPostprocessing = 0;
		};
/* End PBXFrameworksBuildPhase section */

/* Begin PBXGroup section */
		5FAE417D23200D5300C03BDC = {
			isa = PBXGroup;
			children = (
				5FAE418823200D5300C03BDC /* DeezerSearcher */,
				5FAE418723200D5300C03BDC /* Products */,
			);
			sourceTree = "<group>";
		};
		5FAE418723200D5300C03BDC /* Products */ = {
			isa = PBXGroup;
			children = (
				5FAE418623200D5300C03BDC /* DeezerSearcher.app */,
			);
			name = Products;
			sourceTree = "<group>";
		};
		5FAE418823200D5300C03BDC /* DeezerSearcher */ = {
			isa = PBXGroup;
			children = (
				5FAE418923200D5300C03BDC /* AppDelegate.swift */,
				5FAE418B23200D5300C03BDC /* ViewController.swift */,
				5FAE41A62320FBBE00C03BDC /* Helpers */,
				5FAE419E23200E1A00C03BDC /* Album.swift */,
				5FAE41A42320CE0800C03BDC /* DeezerAPI.swift */,
				5FAE418D23200D5300C03BDC /* Main.storyboard */,
				5FAE419323200D5600C03BDC /* Assets.xcassets */,
				5FAE419523200D5600C03BDC /* LaunchScreen.storyboard */,
				5FAE419823200D5600C03BDC /* Info.plist */,
				5FAE419023200D5300C03BDC /* DeezerSearcher.xcdatamodeld */,
			);
			path = DeezerSearcher;
			sourceTree = "<group>";
		};
		5FAE41A62320FBBE00C03BDC /* Helpers */ = {
			isa = PBXGroup;
			children = (
				5FAE41A72320FBDD00C03BDC /* Extensions.swift */,
			);
			path = Helpers;
			sourceTree = "<group>";
		};
/* End PBXGroup section */

/* Begin PBXNativeTarget section */
		5FAE418523200D5300C03BDC /* DeezerSearcher */ = {
			isa = PBXNativeTarget;
			buildConfigurationList = 5FAE419B23200D5600C03BDC /* Build configuration list for PBXNativeTarget "DeezerSearcher" */;
			buildPhases = (
				5FAE418223200D5300C03BDC /* Sources */,
				5FAE418323200D5300C03BDC /* Frameworks */,
				5FAE418423200D5300C03BDC /* Resources */,
			);
			buildRules = (
			);
			dependencies = (
			);
			name = DeezerSearcher;
			productName = DeezerSearcher;
			productReference = 5FAE418623200D5300C03BDC /* DeezerSearcher.app */;
			productType = "com.apple.product-type.application";
		};
/* End PBXNativeTarget section */

/* Begin PBXProject section */
		5FAE417E23200D5300C03BDC /* Project object */ = {
			isa = PBXProject;
			attributes = {
				LastSwiftUpdateCheck = 1030;
				LastUpgradeCheck = 1030;
				ORGANIZATIONNAME = "Dima Opalko";
				TargetAttributes = {
					5FAE418523200D5300C03BDC = {
						CreatedOnToolsVersion = 10.3;
					};
				};
			};
			buildConfigurationList = 5FAE418123200D5300C03BDC /* Build configuration list for PBXProject "DeezerSearcher" */;
			compatibilityVersion = "Xcode 9.3";
			developmentRegion = en;
			hasScannedForEncodings = 0;
			knownRegions = (
				en,
				Base,
			);
			mainGroup = 5FAE417D23200D5300C03BDC;
			productRefGroup = 5FAE418723200D5300C03BDC /* Products */;
			projectDirPath = "";
			projectRoot = "";
			targets = (
				5FAE418523200D5300C03BDC /* DeezerSearcher */,
			);
		};
/* End PBXProject section */

/* Begin PBXResourcesBuildPhase section */
		5FAE418423200D5300C03BDC /* Resources */ = {
			isa = PBXResourcesBuildPhase;
			buildActionMask = 2147483647;
			files = (
				5FAE419723200D5600C03BDC /* LaunchScreen.storyboard in Resources */,
				5FAE419423200D5600C03BDC /* Assets.xcassets in Resources */,
				5FAE418F23200D5300C03BDC /* Main.storyboard in Resources */,
			);
			runOnlyForDeploymentPostprocessing = 0;
		};
/* End PBXResourcesBuildPhase section */

/* Begin PBXSourcesBuildPhase section */
		5FAE418223200D5300C03BDC /* Sources */ = {
			isa = PBXSourcesBuildPhase;
			buildActionMask = 2147483647;
			files = (
				5FAE41A52320CE0800C03BDC /* DeezerAPI.swift in Sources */,
				5FAE41A82320FBDD00C03BDC /* Extensions.swift in Sources */,
				5FAE419223200D5300C03BDC /* DeezerSearcher.xcdatamodeld in Sources */,
				5FAE418C23200D5300C03BDC /* ViewController.swift in Sources */,
				5FAE418A23200D5300C03BDC /* AppDelegate.swift in Sources */,
				5FAE419F23200E1A00C03BDC /* Album.swift in Sources */,
			);
			runOnlyForDeploymentPostprocessing = 0;
		};
/* End PBXSourcesBuildPhase section */

/* Begin PBXVariantGroup section */
		5FAE418D23200D5300C03BDC /* Main.storyboard */ = {
			isa = PBXVariantGroup;
			children = (
				5FAE418E23200D5300C03BDC /* Base */,
			);
			name = Main.storyboard;
			sourceTree = "<group>";
		};
		5FAE419523200D5600C03BDC /* LaunchScreen.storyboard */ = {
			isa = PBXVariantGroup;
			children = (
				5FAE419623200D5600C03BDC /* Base */,
			);
			name = LaunchScreen.storyboard;
			sourceTree = "<group>";
		};
/* End PBXVariantGroup section */

/* Begin XCBuildConfiguration section */
		5FAE419923200D5600C03BDC /* Debug */ = {
			isa = XCBuildConfiguration;
			buildSettings = {
				ALWAYS_SEARCH_USER_PATHS = NO;
				CLANG_ANALYZER_NONNULL = YES;
				CLANG_ANALYZER_NUMBER_OBJECT_CONVERSION = YES_AGGRESSIVE;
				CLANG_CXX_LANGUAGE_STANDARD = "gnu++14";
				CLANG_CXX_LIBRARY = "libc++";
				CLANG_ENABLE_MODULES = YES;
				CLANG_ENABLE_OBJC_ARC = YES;
				CLANG_ENABLE_OBJC_WEAK = YES;
				CLANG_WARN_BLOCK_CAPTURE_AUTORELEASING = YES;
				CLANG_WARN_BOOL_CONVERSION = YES;
				CLANG_WARN_COMMA = YES;
				CLANG_WARN_CONSTANT_CONVERSION = YES;
				CLANG_WARN_DEPRECATED_OBJC_IMPLEMENTATIONS = YES;
				CLANG_WARN_DIRECT_OBJC_ISA_USAGE = YES_ERROR;
				CLANG_WARN_DOCUMENTATION_COMMENTS = YES;
				CLANG_WARN_EMPTY_BODY = YES;
				CLANG_WARN_ENUM_CONVERSION = YES;
				CLANG_WARN_INFINITE_RECURSION = YES;
				CLANG_WARN_INT_CONVERSION = YES;
				CLANG_WARN_NON_LITERAL_NULL_CONVERSION = YES;
				CLANG_WARN_OBJC_IMPLICIT_RETAIN_SELF = YES;
				CLANG_WARN_OBJC_LITERAL_CONVERSION = YES;
				CLANG_WARN_OBJC_ROOT_CLASS = YES_ERROR;
				CLANG_WARN_RANGE_LOOP_ANALYSIS = YES;
				CLANG_WARN_STRICT_PROTOTYPES = YES;
				CLANG_WARN_SUSPICIOUS_MOVE = YES;
				CLANG_WARN_UNGUARDED_AVAILABILITY = YES_AGGRESSIVE;
				CLANG_WARN_UNREACHABLE_CODE = YES;
				CLANG_WARN__DUPLICATE_METHOD_MATCH = YES;
				CODE_SIGN_IDENTITY = "iPhone Developer";
				COPY_PHASE_STRIP = NO;
				DEBUG_INFORMATION_FORMAT = dwarf;
				ENABLE_STRICT_OBJC_MSGSEND = YES;
				ENABLE_TESTABILITY = YES;
				GCC_C_LANGUAGE_STANDARD = gnu11;
				GCC_DYNAMIC_NO_PIC = NO;
				GCC_NO_COMMON_BLOCKS = YES;
				GCC_OPTIMIZATION_LEVEL = 0;
				GCC_PREPROCESSOR_DEFINITIONS = (
					"DEBUG=1",
					"$(inherited)",
				);
				GCC_WARN_64_TO_32_BIT_CONVERSION = YES;
				GCC_WARN_ABOUT_RETURN_TYPE = YES_ERROR;
				GCC_WARN_UNDECLARED_SELECTOR = YES;
				GCC_WARN_UNINITIALIZED_AUTOS = YES_AGGRESSIVE;
				GCC_WARN_UNUSED_FUNCTION = YES;
				GCC_WARN_UNUSED_VARIABLE = YES;
				IPHONEOS_DEPLOYMENT_TARGET = 12.4;
				MTL_ENABLE_DEBUG_INFO = INCLUDE_SOURCE;
				MTL_FAST_MATH = YES;
				ONLY_ACTIVE_ARCH = YES;
				SDKROOT = iphoneos;
				SWIFT_ACTIVE_COMPILATION_CONDITIONS = DEBUG;
				SWIFT_OPTIMIZATION_LEVEL = "-Onone";
			};
			name = Debug;
		};
		5FAE419A23200D5600C03BDC /* Release */ = {
			isa = XCBuildConfiguration;
			buildSettings = {
				ALWAYS_SEARCH_USER_PATHS = NO;
				CLANG_ANALYZER_NONNULL = YES;
				CLANG_ANALYZER_NUMBER_OBJECT_CONVERSION = YES_AGGRESSIVE;
				CLANG_CXX_LANGUAGE_STANDARD = "gnu++14";
				CLANG_CXX_LIBRARY = "libc++";
				CLANG_ENABLE_MODULES = YES;
				CLANG_ENABLE_OBJC_ARC = YES;
				CLANG_ENABLE_OBJC_WEAK = YES;
				CLANG_WARN_BLOCK_CAPTURE_AUTORELEASING = YES;
				CLANG_WARN_BOOL_CONVERSION = YES;
				CLANG_WARN_COMMA = YES;
				CLANG_WARN_CONSTANT_CONVERSION = YES;
				CLANG_WARN_DEPRECATED_OBJC_IMPLEMENTATIONS = YES;
				CLANG_WARN_DIRECT_OBJC_ISA_USAGE = YES_ERROR;
				CLANG_WARN_DOCUMENTATION_COMMENTS = YES;
				CLANG_WARN_EMPTY_BODY = YES;
				CLANG_WARN_ENUM_CONVERSION = YES;
				CLANG_WARN_INFINITE_RECURSION = YES;
				CLANG_WARN_INT_CONVERSION = YES;
				CLANG_WARN_NON_LITERAL_NULL_CONVERSION = YES;
				CLANG_WARN_OBJC_IMPLICIT_RETAIN_SELF = YES;
				CLANG_WARN_OBJC_LITERAL_CONVERSION = YES;
				CLANG_WARN_OBJC_ROOT_CLASS = YES_ERROR;
				CLANG_WARN_RANGE_LOOP_ANALYSIS = YES;
				CLANG_WARN_STRICT_PROTOTYPES = YES;
				CLANG_WARN_SUSPICIOUS_MOVE = YES;
				CLANG_WARN_UNGUARDED_AVAILABILITY = YES_AGGRESSIVE;
				CLANG_WARN_UNREACHABLE_CODE = YES;
				CLANG_WARN__DUPLICATE_METHOD_MATCH = YES;
				CODE_SIGN_IDENTITY = "iPhone Developer";
				COPY_PHASE_STRIP = NO;
				DEBUG_INFORMATION_FORMAT = "dwarf-with-dsym";
				ENABLE_NS_ASSERTIONS = NO;
				ENABLE_STRICT_OBJC_MSGSEND = YES;
				GCC_C_LANGUAGE_STANDARD = gnu11;
				GCC_NO_COMMON_BLOCKS = YES;
				GCC_WARN_64_TO_32_BIT_CONVERSION = YES;
				GCC_WARN_ABOUT_RETURN_TYPE = YES_ERROR;
				GCC_WARN_UNDECLARED_SELECTOR = YES;
				GCC_WARN_UNINITIALIZED_AUTOS = YES_AGGRESSIVE;
				GCC_WARN_UNUSED_FUNCTION = YES;
				GCC_WARN_UNUSED_VARIABLE = YES;
				IPHONEOS_DEPLOYMENT_TARGET = 12.4;
				MTL_ENABLE_DEBUG_INFO = NO;
				MTL_FAST_MATH = YES;
				SDKROOT = iphoneos;
				SWIFT_COMPILATION_MODE = wholemodule;
				SWIFT_OPTIMIZATION_LEVEL = "-O";
				VALIDATE_PRODUCT = YES;
			};
			name = Release;
		};
		5FAE419C23200D5600C03BDC /* Debug */ = {
			isa = XCBuildConfiguration;
			buildSettings = {
				ASSETCATALOG_COMPILER_APPICON_NAME = AppIcon;
				CODE_SIGN_STYLE = Automatic;
				DEVELOPMENT_TEAM = G839MR8A88;
				INFOPLIST_FILE = DeezerSearcher/Info.plist;
				LD_RUNPATH_SEARCH_PATHS = (
					"$(inherited)",
					"@executable_path/Frameworks",
				);
				PRODUCT_BUNDLE_IDENTIFIER = dima.opalko.DeezerSearcher;
				PRODUCT_NAME = "$(TARGET_NAME)";
				SWIFT_VERSION = 5.0;
				TARGETED_DEVICE_FAMILY = "1,2";
			};
			name = Debug;
		};
		5FAE419D23200D5600C03BDC /* Release */ = {
			isa = XCBuildConfiguration;
			buildSettings = {
				ASSETCATALOG_COMPILER_APPICON_NAME = AppIcon;
				CODE_SIGN_STYLE = Automatic;
				DEVELOPMENT_TEAM = G839MR8A88;
				INFOPLIST_FILE = DeezerSearcher/Info.plist;
				LD_RUNPATH_SEARCH_PATHS = (
					"$(inherited)",
					"@executable_path/Frameworks",
				);
				PRODUCT_BUNDLE_IDENTIFIER = dima.opalko.DeezerSearcher;
				PRODUCT_NAME = "$(TARGET_NAME)";
				SWIFT_VERSION = 5.0;
				TARGETED_DEVICE_FAMILY = "1,2";
			};
			name = Release;
		};
/* End XCBuildConfiguration section */

/* Begin XCConfigurationList section */
		5FAE418123200D5300C03BDC /* Build configuration list for PBXProject "DeezerSearcher" */ = {
			isa = XCConfigurationList;
			buildConfigurations = (
				5FAE419923200D5600C03BDC /* Debug */,
				5FAE419A23200D5600C03BDC /* Release */,
			);
			defaultConfigurationIsVisible = 0;
			defaultConfigurationName = Release;
		};
		5FAE419B23200D5600C03BDC /* Build configuration list for PBXNativeTarget "DeezerSearcher" */ = {
			isa = XCConfigurationList;
			buildConfigurations = (
				5FAE419C23200D5600C03BDC /* Debug */,
				5FAE419D23200D5600C03BDC /* Release */,
			);
			defaultConfigurationIsVisible = 0;
			defaultConfigurationName = Release;
		};
/* End XCConfigurationList section */

/* Begin XCVersionGroup section */
		5FAE419023200D5300C03BDC /* DeezerSearcher.xcdatamodeld */ = {
			isa = XCVersionGroup;
			children = (
				5FAE419123200D5300C03BDC /* DeezerSearcher.xcdatamodel */,
			);
			currentVersion = 5FAE419123200D5300C03BDC /* DeezerSearcher.xcdatamodel */;
			path = DeezerSearcher.xcdatamodeld;
			sourceTree = "<group>";
			versionGroupType = wrapper.xcdatamodel;
		};
/* End XCVersionGroup section */
	};
	rootObject = 5FAE417E23200D5300C03BDC /* Project object */;
}
